
Microsoft Visual Studio Solution File, Format Version 12.00
# Visual Studio Version 17
VisualStudioVersion = 17.3.32825.248
MinimumVisualStudioVersion = 10.0.40219.1
Project("{FAE04EC0-301F-11D3-BF4B-00C04F79EFBC}") = "Module2HW3", "Module2HW3.csproj", "{CE182A55-3FDE-42CD-8686-46663325CFC6}"
EndProject
Global
	GlobalSection(SolutionConfigurationPlatforms) = preSolution
		Debug|Any CPU = Debug|Any CPU
		Release|Any CPU = Release|Any CPU
	EndGlobalSection
	GlobalSection(ProjectConfigurationPlatforms) = postSolution
		{CE182A55-3FDE-42CD-8686-46663325CFC6}.Debug|Any CPU.ActiveCfg = Debug|Any CPU
		{CE182A55-3FDE-42CD-8686-46663325CFC6}.Debug|Any CPU.Build.0 = Debug|Any CPU
		{CE182A55-3FDE-42CD-8686-46663325CFC6}.Release|Any CPU.ActiveCfg = Release|Any CPU
		{CE182A55-3FDE-42CD-8686-46663325CFC6}.Release|Any CPU.Build.0 = Release|Any CPU
	EndGlobalSection
	GlobalSection(SolutionProperties) = preSolution
		HideSolutionNode = FALSE
	EndGlobalSection
	GlobalSection(ExtensibilityGlobals) = postSolution
		SolutionGuid = {539014E7-8CCC-4C39-A34F-028D1BBAA8FB}
	EndGlobalSection
EndGlobal
